// !$*UTF8*$!
{
	archiveVersion = 1;
	classes = {
	};
	objectVersion = 51;
	objects = {

/* Begin PBXBuildFile section */
		044DA10423C43DD90020E1B0 /* PhotoHelper.swift in Sources */ = {isa = PBXBuildFile; fileRef = 044DA10323C43DD90020E1B0 /* PhotoHelper.swift */; };
		044DA10923C45E700020E1B0 /* ChatTableRow.xib in Resources */ = {isa = PBXBuildFile; fileRef = 044DA10823C45E700020E1B0 /* ChatTableRow.xib */; };
		044DA10B23C463600020E1B0 /* ChatTableRow.swift in Sources */ = {isa = PBXBuildFile; fileRef = 044DA10A23C4635F0020E1B0 /* ChatTableRow.swift */; };
		044DA10D23C46F720020E1B0 /* Chat.swift in Sources */ = {isa = PBXBuildFile; fileRef = 044DA10C23C46F720020E1B0 /* Chat.swift */; };
		044DA11023C473290020E1B0 /* LayoutHelper.swift in Sources */ = {isa = PBXBuildFile; fileRef = 044DA10F23C473290020E1B0 /* LayoutHelper.swift */; };
		044DA11323C474920020E1B0 /* ChatBoxViewController.swift in Sources */ = {isa = PBXBuildFile; fileRef = 044DA11223C474920020E1B0 /* ChatBoxViewController.swift */; };
		044DA11523C4749E0020E1B0 /* ChatBoxViewController.xib in Resources */ = {isa = PBXBuildFile; fileRef = 044DA11423C4749E0020E1B0 /* ChatBoxViewController.xib */; };
		04509BAB238127D600AFB91E /* ProfileViewController.swift in Sources */ = {isa = PBXBuildFile; fileRef = 04509BAA238127D600AFB91E /* ProfileViewController.swift */; };
		04509BAD2381281A00AFB91E /* ProfileViewController.xib in Resources */ = {isa = PBXBuildFile; fileRef = 04509BAC2381281A00AFB91E /* ProfileViewController.xib */; };
		04509BAF2381285200AFB91E /* FriendViewController.swift in Sources */ = {isa = PBXBuildFile; fileRef = 04509BAE2381285200AFB91E /* FriendViewController.swift */; };
		04509BB12381288400AFB91E /* FriendViewController.xib in Resources */ = {isa = PBXBuildFile; fileRef = 04509BB02381288400AFB91E /* FriendViewController.xib */; };
		04509BB423812C3700AFB91E /* LogInViewController.xib in Resources */ = {isa = PBXBuildFile; fileRef = 04509BB323812C3700AFB91E /* LogInViewController.xib */; };
		04509BB623812C4700AFB91E /* LogInViewController.swift in Sources */ = {isa = PBXBuildFile; fileRef = 04509BB523812C4700AFB91E /* LogInViewController.swift */; };
		0461733B23CDFC02005E2C60 /* BaseCell.swift in Sources */ = {isa = PBXBuildFile; fileRef = 0461733A23CDFC02005E2C60 /* BaseCell.swift */; };
		0461733D23CE0199005E2C60 /* Message.swift in Sources */ = {isa = PBXBuildFile; fileRef = 0461733C23CE0199005E2C60 /* Message.swift */; };
		048458B523CD78DE00530144 /* LoadingHelper.swift in Sources */ = {isa = PBXBuildFile; fileRef = 048458B423CD78DE00530144 /* LoadingHelper.swift */; };
		0486B31F2380FF97003D9979 /* HeaderLabel.swift in Sources */ = {isa = PBXBuildFile; fileRef = 0486B31A2380FF97003D9979 /* HeaderLabel.swift */; };
		0486B3202380FF97003D9979 /* HomeViewController.xib in Resources */ = {isa = PBXBuildFile; fileRef = 0486B31D2380FF97003D9979 /* HomeViewController.xib */; };
		0486B3212380FF97003D9979 /* HomeViewController.swift in Sources */ = {isa = PBXBuildFile; fileRef = 0486B31E2380FF97003D9979 /* HomeViewController.swift */; };
		0486B3242381022C003D9979 /* TabBarController.swift in Sources */ = {isa = PBXBuildFile; fileRef = 0486B3232381022C003D9979 /* TabBarController.swift */; };
		0486B32523811CD2003D9979 /* HomeViewController.swift in Sources */ = {isa = PBXBuildFile; fileRef = 0486B31E2380FF97003D9979 /* HomeViewController.swift */; };
		0486B32623811CD3003D9979 /* HomeViewController.swift in Sources */ = {isa = PBXBuildFile; fileRef = 0486B31E2380FF97003D9979 /* HomeViewController.swift */; };
		0486B32723811CD7003D9979 /* AppDelegate.swift in Sources */ = {isa = PBXBuildFile; fileRef = 0496E9EB2380FEF800E05FC5 /* AppDelegate.swift */; };
		0486B32823811CD7003D9979 /* AppDelegate.swift in Sources */ = {isa = PBXBuildFile; fileRef = 0496E9EB2380FEF800E05FC5 /* AppDelegate.swift */; };
		0486B32923811CDC003D9979 /* SceneDelegate.swift in Sources */ = {isa = PBXBuildFile; fileRef = 0496E9ED2380FEF800E05FC5 /* SceneDelegate.swift */; };
		0486B32A23811CDC003D9979 /* SceneDelegate.swift in Sources */ = {isa = PBXBuildFile; fileRef = 0496E9ED2380FEF800E05FC5 /* SceneDelegate.swift */; };
		04947DC023CC43AC00732EAD /* GoogleService-Info.plist in Resources */ = {isa = PBXBuildFile; fileRef = 04947DBF23CC43AC00732EAD /* GoogleService-Info.plist */; };
		04947DC223CC480D00732EAD /* ProfileBusiness.swift in Sources */ = {isa = PBXBuildFile; fileRef = 04947DC123CC480D00732EAD /* ProfileBusiness.swift */; };
		0496E9EC2380FEF800E05FC5 /* AppDelegate.swift in Sources */ = {isa = PBXBuildFile; fileRef = 0496E9EB2380FEF800E05FC5 /* AppDelegate.swift */; };
		0496E9EE2380FEF800E05FC5 /* SceneDelegate.swift in Sources */ = {isa = PBXBuildFile; fileRef = 0496E9ED2380FEF800E05FC5 /* SceneDelegate.swift */; };
		0496E9F52380FEF800E05FC5 /* Assets.xcassets in Resources */ = {isa = PBXBuildFile; fileRef = 0496E9F42380FEF800E05FC5 /* Assets.xcassets */; };
		0496E9F82380FEF800E05FC5 /* LaunchScreen.storyboard in Resources */ = {isa = PBXBuildFile; fileRef = 0496E9F62380FEF800E05FC5 /* LaunchScreen.storyboard */; };
		0496EA032380FEF800E05FC5 /* My_ChatTests.swift in Sources */ = {isa = PBXBuildFile; fileRef = 0496EA022380FEF800E05FC5 /* My_ChatTests.swift */; };
		0496EA0E2380FEF900E05FC5 /* My_ChatUITests.swift in Sources */ = {isa = PBXBuildFile; fileRef = 0496EA0D2380FEF900E05FC5 /* My_ChatUITests.swift */; };
		04BDB4D623CDAECB004F259B /* ChatBusiness.swift in Sources */ = {isa = PBXBuildFile; fileRef = 04BDB4D523CDAECB004F259B /* ChatBusiness.swift */; };
		04E7F31723CD638A0054FC47 /* User.swift in Sources */ = {isa = PBXBuildFile; fileRef = 04E7F31623CD638A0054FC47 /* User.swift */; };
		04E7F31923CD65E70054FC47 /* StringHelper.swift in Sources */ = {isa = PBXBuildFile; fileRef = 04E7F31823CD65E70054FC47 /* StringHelper.swift */; };
		20FA9B20C9C957898C9648AD /* Pods_My_Chat.framework in Frameworks */ = {isa = PBXBuildFile; fileRef = AB155C7A42BDCB899BA96D86 /* Pods_My_Chat.framework */; };
		3FCD756E477C5904D1E3D903 /* Pods_My_ChatTests.framework in Frameworks */ = {isa = PBXBuildFile; fileRef = 04B1BAD7C1B61F2879AC98F2 /* Pods_My_ChatTests.framework */; };
		8D6F84A7719CD3DC9CD66848 /* Pods_My_Chat_My_ChatUITests.framework in Frameworks */ = {isa = PBXBuildFile; fileRef = B88B320D1178C39A1800ABC5 /* Pods_My_Chat_My_ChatUITests.framework */; };
/* End PBXBuildFile section */

/* Begin PBXContainerItemProxy section */
		0496E9FF2380FEF800E05FC5 /* PBXContainerItemProxy */ = {
			isa = PBXContainerItemProxy;
			containerPortal = 0496E9E02380FEF800E05FC5 /* Project object */;
			proxyType = 1;
			remoteGlobalIDString = 0496E9E72380FEF800E05FC5;
			remoteInfo = "My Chat";
		};
		0496EA0A2380FEF900E05FC5 /* PBXContainerItemProxy */ = {
			isa = PBXContainerItemProxy;
			containerPortal = 0496E9E02380FEF800E05FC5 /* Project object */;
			proxyType = 1;
			remoteGlobalIDString = 0496E9E72380FEF800E05FC5;
			remoteInfo = "My Chat";
		};
/* End PBXContainerItemProxy section */

/* Begin PBXFileReference section */
		044DA10323C43DD90020E1B0 /* PhotoHelper.swift */ = {isa = PBXFileReference; lastKnownFileType = sourcecode.swift; path = PhotoHelper.swift; sourceTree = "<group>"; };
		044DA10823C45E700020E1B0 /* ChatTableRow.xib */ = {isa = PBXFileReference; lastKnownFileType = file.xib; path = ChatTableRow.xib; sourceTree = "<group>"; };
		044DA10A23C4635F0020E1B0 /* ChatTableRow.swift */ = {isa = PBXFileReference; fileEncoding = 4; lastKnownFileType = sourcecode.swift; path = ChatTableRow.swift; sourceTree = "<group>"; };
		044DA10C23C46F720020E1B0 /* Chat.swift */ = {isa = PBXFileReference; lastKnownFileType = sourcecode.swift; path = Chat.swift; sourceTree = "<group>"; };
		044DA10F23C473290020E1B0 /* LayoutHelper.swift */ = {isa = PBXFileReference; lastKnownFileType = sourcecode.swift; path = LayoutHelper.swift; sourceTree = "<group>"; };
		044DA11223C474920020E1B0 /* ChatBoxViewController.swift */ = {isa = PBXFileReference; lastKnownFileType = sourcecode.swift; path = ChatBoxViewController.swift; sourceTree = "<group>"; };
		044DA11423C4749E0020E1B0 /* ChatBoxViewController.xib */ = {isa = PBXFileReference; lastKnownFileType = file.xib; path = ChatBoxViewController.xib; sourceTree = "<group>"; };
		04509BAA238127D600AFB91E /* ProfileViewController.swift */ = {isa = PBXFileReference; lastKnownFileType = sourcecode.swift; path = ProfileViewController.swift; sourceTree = "<group>"; };
		04509BAC2381281A00AFB91E /* ProfileViewController.xib */ = {isa = PBXFileReference; lastKnownFileType = file.xib; path = ProfileViewController.xib; sourceTree = "<group>"; };
		04509BAE2381285200AFB91E /* FriendViewController.swift */ = {isa = PBXFileReference; lastKnownFileType = sourcecode.swift; path = FriendViewController.swift; sourceTree = "<group>"; };
		04509BB02381288400AFB91E /* FriendViewController.xib */ = {isa = PBXFileReference; lastKnownFileType = file.xib; path = FriendViewController.xib; sourceTree = "<group>"; };
		04509BB323812C3700AFB91E /* LogInViewController.xib */ = {isa = PBXFileReference; lastKnownFileType = file.xib; path = LogInViewController.xib; sourceTree = "<group>"; };
		04509BB523812C4700AFB91E /* LogInViewController.swift */ = {isa = PBXFileReference; lastKnownFileType = sourcecode.swift; path = LogInViewController.swift; sourceTree = "<group>"; };
		0461733A23CDFC02005E2C60 /* BaseCell.swift */ = {isa = PBXFileReference; lastKnownFileType = sourcecode.swift; path = BaseCell.swift; sourceTree = "<group>"; };
		0461733C23CE0199005E2C60 /* Message.swift */ = {isa = PBXFileReference; lastKnownFileType = sourcecode.swift; path = Message.swift; sourceTree = "<group>"; };
		048458B423CD78DE00530144 /* LoadingHelper.swift */ = {isa = PBXFileReference; lastKnownFileType = sourcecode.swift; path = LoadingHelper.swift; sourceTree = "<group>"; };
		0486B31A2380FF97003D9979 /* HeaderLabel.swift */ = {isa = PBXFileReference; fileEncoding = 4; lastKnownFileType = sourcecode.swift; path = HeaderLabel.swift; sourceTree = "<group>"; };
		0486B31D2380FF97003D9979 /* HomeViewController.xib */ = {isa = PBXFileReference; fileEncoding = 4; lastKnownFileType = file.xib; path = HomeViewController.xib; sourceTree = "<group>"; };
		0486B31E2380FF97003D9979 /* HomeViewController.swift */ = {isa = PBXFileReference; fileEncoding = 4; lastKnownFileType = sourcecode.swift; path = HomeViewController.swift; sourceTree = "<group>"; };
		0486B3232381022C003D9979 /* TabBarController.swift */ = {isa = PBXFileReference; lastKnownFileType = sourcecode.swift; path = TabBarController.swift; sourceTree = "<group>"; };
		04947DBF23CC43AC00732EAD /* GoogleService-Info.plist */ = {isa = PBXFileReference; fileEncoding = 4; lastKnownFileType = text.plist.xml; path = "GoogleService-Info.plist"; sourceTree = "<group>"; };
		04947DC123CC480D00732EAD /* ProfileBusiness.swift */ = {isa = PBXFileReference; lastKnownFileType = sourcecode.swift; path = ProfileBusiness.swift; sourceTree = "<group>"; };
		0496E9E82380FEF800E05FC5 /* My Chat.app */ = {isa = PBXFileReference; explicitFileType = wrapper.application; includeInIndex = 0; path = "My Chat.app"; sourceTree = BUILT_PRODUCTS_DIR; };
		0496E9EB2380FEF800E05FC5 /* AppDelegate.swift */ = {isa = PBXFileReference; lastKnownFileType = sourcecode.swift; path = AppDelegate.swift; sourceTree = "<group>"; };
		0496E9ED2380FEF800E05FC5 /* SceneDelegate.swift */ = {isa = PBXFileReference; lastKnownFileType = sourcecode.swift; path = SceneDelegate.swift; sourceTree = "<group>"; };
		0496E9F42380FEF800E05FC5 /* Assets.xcassets */ = {isa = PBXFileReference; lastKnownFileType = folder.assetcatalog; path = Assets.xcassets; sourceTree = "<group>"; };
		0496E9F72380FEF800E05FC5 /* Base */ = {isa = PBXFileReference; lastKnownFileType = file.storyboard; name = Base; path = Base.lproj/LaunchScreen.storyboard; sourceTree = "<group>"; };
		0496E9F92380FEF800E05FC5 /* Info.plist */ = {isa = PBXFileReference; lastKnownFileType = text.plist.xml; path = Info.plist; sourceTree = "<group>"; };
		0496E9FE2380FEF800E05FC5 /* My ChatTests.xctest */ = {isa = PBXFileReference; explicitFileType = wrapper.cfbundle; includeInIndex = 0; path = "My ChatTests.xctest"; sourceTree = BUILT_PRODUCTS_DIR; };
		0496EA022380FEF800E05FC5 /* My_ChatTests.swift */ = {isa = PBXFileReference; lastKnownFileType = sourcecode.swift; path = My_ChatTests.swift; sourceTree = "<group>"; };
		0496EA042380FEF800E05FC5 /* Info.plist */ = {isa = PBXFileReference; lastKnownFileType = text.plist.xml; path = Info.plist; sourceTree = "<group>"; };
		0496EA092380FEF900E05FC5 /* My ChatUITests.xctest */ = {isa = PBXFileReference; explicitFileType = wrapper.cfbundle; includeInIndex = 0; path = "My ChatUITests.xctest"; sourceTree = BUILT_PRODUCTS_DIR; };
		0496EA0D2380FEF900E05FC5 /* My_ChatUITests.swift */ = {isa = PBXFileReference; lastKnownFileType = sourcecode.swift; path = My_ChatUITests.swift; sourceTree = "<group>"; };
		0496EA0F2380FEF900E05FC5 /* Info.plist */ = {isa = PBXFileReference; lastKnownFileType = text.plist.xml; path = Info.plist; sourceTree = "<group>"; };
		04B1BAD7C1B61F2879AC98F2 /* Pods_My_ChatTests.framework */ = {isa = PBXFileReference; explicitFileType = wrapper.framework; includeInIndex = 0; path = Pods_My_ChatTests.framework; sourceTree = BUILT_PRODUCTS_DIR; };
		04BDB4D523CDAECB004F259B /* ChatBusiness.swift */ = {isa = PBXFileReference; lastKnownFileType = sourcecode.swift; path = ChatBusiness.swift; sourceTree = "<group>"; };
		04E7F31623CD638A0054FC47 /* User.swift */ = {isa = PBXFileReference; lastKnownFileType = sourcecode.swift; path = User.swift; sourceTree = "<group>"; };
		04E7F31823CD65E70054FC47 /* StringHelper.swift */ = {isa = PBXFileReference; lastKnownFileType = sourcecode.swift; path = StringHelper.swift; sourceTree = "<group>"; };
		23C97CBB709BD57BCD97A072 /* Pods-My Chat.debug.xcconfig */ = {isa = PBXFileReference; includeInIndex = 1; lastKnownFileType = text.xcconfig; name = "Pods-My Chat.debug.xcconfig"; path = "Target Support Files/Pods-My Chat/Pods-My Chat.debug.xcconfig"; sourceTree = "<group>"; };
		27835C30FF9D59A70EA20CD3 /* Pods-My Chat-My ChatUITests.debug.xcconfig */ = {isa = PBXFileReference; includeInIndex = 1; lastKnownFileType = text.xcconfig; name = "Pods-My Chat-My ChatUITests.debug.xcconfig"; path = "Target Support Files/Pods-My Chat-My ChatUITests/Pods-My Chat-My ChatUITests.debug.xcconfig"; sourceTree = "<group>"; };
		879040802EA67CEF1D707CEE /* Pods-My Chat.release.xcconfig */ = {isa = PBXFileReference; includeInIndex = 1; lastKnownFileType = text.xcconfig; name = "Pods-My Chat.release.xcconfig"; path = "Target Support Files/Pods-My Chat/Pods-My Chat.release.xcconfig"; sourceTree = "<group>"; };
		AB155C7A42BDCB899BA96D86 /* Pods_My_Chat.framework */ = {isa = PBXFileReference; explicitFileType = wrapper.framework; includeInIndex = 0; path = Pods_My_Chat.framework; sourceTree = BUILT_PRODUCTS_DIR; };
		B2B78A2E3EFF2D5572DE9F4F /* Pods-My Chat-My ChatUITests.release.xcconfig */ = {isa = PBXFileReference; includeInIndex = 1; lastKnownFileType = text.xcconfig; name = "Pods-My Chat-My ChatUITests.release.xcconfig"; path = "Target Support Files/Pods-My Chat-My ChatUITests/Pods-My Chat-My ChatUITests.release.xcconfig"; sourceTree = "<group>"; };
		B88B320D1178C39A1800ABC5 /* Pods_My_Chat_My_ChatUITests.framework */ = {isa = PBXFileReference; explicitFileType = wrapper.framework; includeInIndex = 0; path = Pods_My_Chat_My_ChatUITests.framework; sourceTree = BUILT_PRODUCTS_DIR; };
		CBECD038B959E7EA8E085200 /* Pods-My ChatTests.debug.xcconfig */ = {isa = PBXFileReference; includeInIndex = 1; lastKnownFileType = text.xcconfig; name = "Pods-My ChatTests.debug.xcconfig"; path = "Target Support Files/Pods-My ChatTests/Pods-My ChatTests.debug.xcconfig"; sourceTree = "<group>"; };
		CEAD277419DC5D92723C457C /* Pods-My ChatTests.release.xcconfig */ = {isa = PBXFileReference; includeInIndex = 1; lastKnownFileType = text.xcconfig; name = "Pods-My ChatTests.release.xcconfig"; path = "Target Support Files/Pods-My ChatTests/Pods-My ChatTests.release.xcconfig"; sourceTree = "<group>"; };
/* End PBXFileReference section */

/* Begin PBXFrameworksBuildPhase section */
		0496E9E52380FEF800E05FC5 /* Frameworks */ = {
			isa = PBXFrameworksBuildPhase;
			buildActionMask = 2147483647;
			files = (
				20FA9B20C9C957898C9648AD /* Pods_My_Chat.framework in Frameworks */,
			);
			runOnlyForDeploymentPostprocessing = 0;
		};
		0496E9FB2380FEF800E05FC5 /* Frameworks */ = {
			isa = PBXFrameworksBuildPhase;
			buildActionMask = 2147483647;
			files = (
				3FCD756E477C5904D1E3D903 /* Pods_My_ChatTests.framework in Frameworks */,
			);
			runOnlyForDeploymentPostprocessing = 0;
		};
		0496EA062380FEF900E05FC5 /* Frameworks */ = {
			isa = PBXFrameworksBuildPhase;
			buildActionMask = 2147483647;
			files = (
				8D6F84A7719CD3DC9CD66848 /* Pods_My_Chat_My_ChatUITests.framework in Frameworks */,
			);
			runOnlyForDeploymentPostprocessing = 0;
		};
/* End PBXFrameworksBuildPhase section */

/* Begin PBXGroup section */
		0446C4B3239CC0CA00B8B930 /* Business */ = {
			isa = PBXGroup;
			children = (
				04E7F31523CD62F10054FC47 /* BusinessClass */,
				04E7F31423CD62E80054FC47 /* DataClass */,
			);
			path = Business;
			sourceTree = "<group>";
		};
		044DA10523C45E4A0020E1B0 /* ChatTableRow */ = {
			isa = PBXGroup;
			children = (
				044DA10A23C4635F0020E1B0 /* ChatTableRow.swift */,
				044DA10823C45E700020E1B0 /* ChatTableRow.xib */,
			);
			path = ChatTableRow;
			sourceTree = "<group>";
		};
		044DA10E23C4730C0020E1B0 /* Helpers */ = {
			isa = PBXGroup;
			children = (
				044DA10323C43DD90020E1B0 /* PhotoHelper.swift */,
				044DA10F23C473290020E1B0 /* LayoutHelper.swift */,
				04E7F31823CD65E70054FC47 /* StringHelper.swift */,
				048458B423CD78DE00530144 /* LoadingHelper.swift */,
			);
			path = Helpers;
			sourceTree = "<group>";
		};
		044DA11123C474830020E1B0 /* ChatBoxViewController */ = {
			isa = PBXGroup;
			children = (
				044DA11223C474920020E1B0 /* ChatBoxViewController.swift */,
				044DA11423C4749E0020E1B0 /* ChatBoxViewController.xib */,
				0461733A23CDFC02005E2C60 /* BaseCell.swift */,
			);
			path = ChatBoxViewController;
			sourceTree = "<group>";
		};
		04509BA8238127AC00AFB91E /* FriendViewController */ = {
			isa = PBXGroup;
			children = (
				04509BAE2381285200AFB91E /* FriendViewController.swift */,
				04509BB02381288400AFB91E /* FriendViewController.xib */,
			);
			path = FriendViewController;
			sourceTree = "<group>";
		};
		04509BA9238127B400AFB91E /* ProfileViewController */ = {
			isa = PBXGroup;
			children = (
				04509BAA238127D600AFB91E /* ProfileViewController.swift */,
				04509BAC2381281A00AFB91E /* ProfileViewController.xib */,
				04509BB523812C4700AFB91E /* LogInViewController.swift */,
				04509BB323812C3700AFB91E /* LogInViewController.xib */,
			);
			path = ProfileViewController;
			sourceTree = "<group>";
		};
		0486B3182380FF97003D9979 /* Fragments */ = {
			isa = PBXGroup;
			children = (
				044DA10E23C4730C0020E1B0 /* Helpers */,
				044DA10523C45E4A0020E1B0 /* ChatTableRow */,
				0486B3192380FF97003D9979 /* Labels */,
			);
			path = Fragments;
			sourceTree = "<group>";
		};
		0486B3192380FF97003D9979 /* Labels */ = {
			isa = PBXGroup;
			children = (
				0486B31A2380FF97003D9979 /* HeaderLabel.swift */,
			);
			path = Labels;
			sourceTree = "<group>";
		};
		0486B31B2380FF97003D9979 /* Screens */ = {
			isa = PBXGroup;
			children = (
				044DA11123C474830020E1B0 /* ChatBoxViewController */,
				0486B3222381021E003D9979 /* TabBarController */,
				04509BA9238127B400AFB91E /* ProfileViewController */,
				04509BA8238127AC00AFB91E /* FriendViewController */,
				0486B31C2380FF97003D9979 /* HomeViewController */,
			);
			path = Screens;
			sourceTree = "<group>";
		};
		0486B31C2380FF97003D9979 /* HomeViewController */ = {
			isa = PBXGroup;
			children = (
				0486B31E2380FF97003D9979 /* HomeViewController.swift */,
				0486B31D2380FF97003D9979 /* HomeViewController.xib */,
			);
			path = HomeViewController;
			sourceTree = "<group>";
		};
		0486B3222381021E003D9979 /* TabBarController */ = {
			isa = PBXGroup;
			children = (
				0486B3232381022C003D9979 /* TabBarController.swift */,
			);
			path = TabBarController;
			sourceTree = "<group>";
		};
		0496E9DF2380FEF800E05FC5 = {
			isa = PBXGroup;
			children = (
				0496E9EA2380FEF800E05FC5 /* My Chat */,
				0496EA012380FEF800E05FC5 /* My ChatTests */,
				0496EA0C2380FEF900E05FC5 /* My ChatUITests */,
				0496E9E92380FEF800E05FC5 /* Products */,
				8A0BA84A0CC3323E3EE90497 /* Pods */,
				DDBBE3B6280DEDEF589A7861 /* Frameworks */,
			);
			sourceTree = "<group>";
		};
		0496E9E92380FEF800E05FC5 /* Products */ = {
			isa = PBXGroup;
			children = (
				0496E9E82380FEF800E05FC5 /* My Chat.app */,
				0496E9FE2380FEF800E05FC5 /* My ChatTests.xctest */,
				0496EA092380FEF900E05FC5 /* My ChatUITests.xctest */,
			);
			name = Products;
			sourceTree = "<group>";
		};
		0496E9EA2380FEF800E05FC5 /* My Chat */ = {
			isa = PBXGroup;
			children = (
				0446C4B3239CC0CA00B8B930 /* Business */,
				0486B31B2380FF97003D9979 /* Screens */,
				0486B3182380FF97003D9979 /* Fragments */,
				0496E9EB2380FEF800E05FC5 /* AppDelegate.swift */,
				0496E9ED2380FEF800E05FC5 /* SceneDelegate.swift */,
				0496E9F42380FEF800E05FC5 /* Assets.xcassets */,
				0496E9F62380FEF800E05FC5 /* LaunchScreen.storyboard */,
				04947DBF23CC43AC00732EAD /* GoogleService-Info.plist */,
				0496E9F92380FEF800E05FC5 /* Info.plist */,
			);
			path = "My Chat";
			sourceTree = "<group>";
		};
		0496EA012380FEF800E05FC5 /* My ChatTests */ = {
			isa = PBXGroup;
			children = (
				0496EA022380FEF800E05FC5 /* My_ChatTests.swift */,
				0496EA042380FEF800E05FC5 /* Info.plist */,
			);
			path = "My ChatTests";
			sourceTree = "<group>";
		};
		0496EA0C2380FEF900E05FC5 /* My ChatUITests */ = {
			isa = PBXGroup;
			children = (
				0496EA0D2380FEF900E05FC5 /* My_ChatUITests.swift */,
				0496EA0F2380FEF900E05FC5 /* Info.plist */,
			);
			path = "My ChatUITests";
			sourceTree = "<group>";
		};
		04E7F31423CD62E80054FC47 /* DataClass */ = {
			isa = PBXGroup;
			children = (
				044DA10C23C46F720020E1B0 /* Chat.swift */,
				04E7F31623CD638A0054FC47 /* User.swift */,
				0461733C23CE0199005E2C60 /* Message.swift */,
			);
			path = DataClass;
			sourceTree = "<group>";
		};
		04E7F31523CD62F10054FC47 /* BusinessClass */ = {
			isa = PBXGroup;
			children = (
				04947DC123CC480D00732EAD /* ProfileBusiness.swift */,
				04BDB4D523CDAECB004F259B /* ChatBusiness.swift */,
			);
			path = BusinessClass;
			sourceTree = "<group>";
		};
		8A0BA84A0CC3323E3EE90497 /* Pods */ = {
			isa = PBXGroup;
			children = (
				23C97CBB709BD57BCD97A072 /* Pods-My Chat.debug.xcconfig */,
				879040802EA67CEF1D707CEE /* Pods-My Chat.release.xcconfig */,
				27835C30FF9D59A70EA20CD3 /* Pods-My Chat-My ChatUITests.debug.xcconfig */,
				B2B78A2E3EFF2D5572DE9F4F /* Pods-My Chat-My ChatUITests.release.xcconfig */,
				CBECD038B959E7EA8E085200 /* Pods-My ChatTests.debug.xcconfig */,
				CEAD277419DC5D92723C457C /* Pods-My ChatTests.release.xcconfig */,
			);
			path = Pods;
			sourceTree = "<group>";
		};
		DDBBE3B6280DEDEF589A7861 /* Frameworks */ = {
			isa = PBXGroup;
			children = (
				AB155C7A42BDCB899BA96D86 /* Pods_My_Chat.framework */,
				B88B320D1178C39A1800ABC5 /* Pods_My_Chat_My_ChatUITests.framework */,
				04B1BAD7C1B61F2879AC98F2 /* Pods_My_ChatTests.framework */,
			);
			name = Frameworks;
			sourceTree = "<group>";
		};
/* End PBXGroup section */

/* Begin PBXNativeTarget section */
		0496E9E72380FEF800E05FC5 /* My Chat */ = {
			isa = PBXNativeTarget;
			buildConfigurationList = 0496EA122380FEF900E05FC5 /* Build configuration list for PBXNativeTarget "My Chat" */;
			buildPhases = (
				458A5CE89FCB2C4239FF240F /* [CP] Check Pods Manifest.lock */,
				0496E9E42380FEF800E05FC5 /* Sources */,
				0496E9E52380FEF800E05FC5 /* Frameworks */,
				0496E9E62380FEF800E05FC5 /* Resources */,
				B81D351F95C2ADD8E0FC6128 /* [CP] Embed Pods Frameworks */,
			);
			buildRules = (
			);
			dependencies = (
			);
			name = "My Chat";
			productName = "My Chat";
			productReference = 0496E9E82380FEF800E05FC5 /* My Chat.app */;
			productType = "com.apple.product-type.application";
		};
		0496E9FD2380FEF800E05FC5 /* My ChatTests */ = {
			isa = PBXNativeTarget;
			buildConfigurationList = 0496EA152380FEF900E05FC5 /* Build configuration list for PBXNativeTarget "My ChatTests" */;
			buildPhases = (
				9C074594D503D55CB123919E /* [CP] Check Pods Manifest.lock */,
				0496E9FA2380FEF800E05FC5 /* Sources */,
				0496E9FB2380FEF800E05FC5 /* Frameworks */,
				0496E9FC2380FEF800E05FC5 /* Resources */,
			);
			buildRules = (
			);
			dependencies = (
				0496EA002380FEF800E05FC5 /* PBXTargetDependency */,
			);
			name = "My ChatTests";
			productName = "My ChatTests";
			productReference = 0496E9FE2380FEF800E05FC5 /* My ChatTests.xctest */;
			productType = "com.apple.product-type.bundle.unit-test";
		};
		0496EA082380FEF900E05FC5 /* My ChatUITests */ = {
			isa = PBXNativeTarget;
			buildConfigurationList = 0496EA182380FEF900E05FC5 /* Build configuration list for PBXNativeTarget "My ChatUITests" */;
			buildPhases = (
				7F2616D24B162FECB2569EB9 /* [CP] Check Pods Manifest.lock */,
				0496EA052380FEF900E05FC5 /* Sources */,
				0496EA062380FEF900E05FC5 /* Frameworks */,
				0496EA072380FEF900E05FC5 /* Resources */,
				5F5BCA82F0B3D617B43DD350 /* [CP] Embed Pods Frameworks */,
			);
			buildRules = (
			);
			dependencies = (
				0496EA0B2380FEF900E05FC5 /* PBXTargetDependency */,
			);
			name = "My ChatUITests";
			productName = "My ChatUITests";
			productReference = 0496EA092380FEF900E05FC5 /* My ChatUITests.xctest */;
			productType = "com.apple.product-type.bundle.ui-testing";
		};
/* End PBXNativeTarget section */

/* Begin PBXProject section */
		0496E9E02380FEF800E05FC5 /* Project object */ = {
			isa = PBXProject;
			attributes = {
				LastSwiftUpdateCheck = 1110;
				LastUpgradeCheck = 1110;
				ORGANIZATIONNAME = "Trần Đình Tôn Hiếu";
				TargetAttributes = {
					0496E9E72380FEF800E05FC5 = {
						CreatedOnToolsVersion = 11.1;
					};
					0496E9FD2380FEF800E05FC5 = {
						CreatedOnToolsVersion = 11.1;
						TestTargetID = 0496E9E72380FEF800E05FC5;
					};
					0496EA082380FEF900E05FC5 = {
						CreatedOnToolsVersion = 11.1;
						TestTargetID = 0496E9E72380FEF800E05FC5;
					};
				};
			};
			buildConfigurationList = 0496E9E32380FEF800E05FC5 /* Build configuration list for PBXProject "My Chat" */;
			compatibilityVersion = "Xcode 9.3";
			developmentRegion = en;
			hasScannedForEncodings = 0;
			knownRegions = (
				en,
				Base,
			);
			mainGroup = 0496E9DF2380FEF800E05FC5;
			productRefGroup = 0496E9E92380FEF800E05FC5 /* Products */;
			projectDirPath = "";
			projectRoot = "";
			targets = (
				0496E9E72380FEF800E05FC5 /* My Chat */,
				0496E9FD2380FEF800E05FC5 /* My ChatTests */,
				0496EA082380FEF900E05FC5 /* My ChatUITests */,
			);
		};
/* End PBXProject section */

/* Begin PBXResourcesBuildPhase section */
		0496E9E62380FEF800E05FC5 /* Resources */ = {
			isa = PBXResourcesBuildPhase;
			buildActionMask = 2147483647;
			files = (
				044DA10923C45E700020E1B0 /* ChatTableRow.xib in Resources */,
				0496E9F82380FEF800E05FC5 /* LaunchScreen.storyboard in Resources */,
				04947DC023CC43AC00732EAD /* GoogleService-Info.plist in Resources */,
				044DA11523C4749E0020E1B0 /* ChatBoxViewController.xib in Resources */,
				0496E9F52380FEF800E05FC5 /* Assets.xcassets in Resources */,
				04509BB12381288400AFB91E /* FriendViewController.xib in Resources */,
				04509BAD2381281A00AFB91E /* ProfileViewController.xib in Resources */,
				0486B3202380FF97003D9979 /* HomeViewController.xib in Resources */,
				04509BB423812C3700AFB91E /* LogInViewController.xib in Resources */,
			);
			runOnlyForDeploymentPostprocessing = 0;
		};
		0496E9FC2380FEF800E05FC5 /* Resources */ = {
			isa = PBXResourcesBuildPhase;
			buildActionMask = 2147483647;
			files = (
			);
			runOnlyForDeploymentPostprocessing = 0;
		};
		0496EA072380FEF900E05FC5 /* Resources */ = {
			isa = PBXResourcesBuildPhase;
			buildActionMask = 2147483647;
			files = (
			);
			runOnlyForDeploymentPostprocessing = 0;
		};
/* End PBXResourcesBuildPhase section */

/* Begin PBXShellScriptBuildPhase section */
		458A5CE89FCB2C4239FF240F /* [CP] Check Pods Manifest.lock */ = {
			isa = PBXShellScriptBuildPhase;
			buildActionMask = 2147483647;
			files = (
			);
			inputFileListPaths = (
			);
			inputPaths = (
				"${PODS_PODFILE_DIR_PATH}/Podfile.lock",
				"${PODS_ROOT}/Manifest.lock",
			);
			name = "[CP] Check Pods Manifest.lock";
			outputFileListPaths = (
			);
			outputPaths = (
				"$(DERIVED_FILE_DIR)/Pods-My Chat-checkManifestLockResult.txt",
			);
			runOnlyForDeploymentPostprocessing = 0;
			shellPath = /bin/sh;
			shellScript = "diff \"${PODS_PODFILE_DIR_PATH}/Podfile.lock\" \"${PODS_ROOT}/Manifest.lock\" > /dev/null\nif [ $? != 0 ] ; then\n    # print error to STDERR\n    echo \"error: The sandbox is not in sync with the Podfile.lock. Run 'pod install' or update your CocoaPods installation.\" >&2\n    exit 1\nfi\n# This output is used by Xcode 'outputs' to avoid re-running this script phase.\necho \"SUCCESS\" > \"${SCRIPT_OUTPUT_FILE_0}\"\n";
			showEnvVarsInLog = 0;
		};
		5F5BCA82F0B3D617B43DD350 /* [CP] Embed Pods Frameworks */ = {
			isa = PBXShellScriptBuildPhase;
			buildActionMask = 2147483647;
			files = (
			);
			inputFileListPaths = (
				"${PODS_ROOT}/Target Support Files/Pods-My Chat-My ChatUITests/Pods-My Chat-My ChatUITests-frameworks-${CONFIGURATION}-input-files.xcfilelist",
			);
			name = "[CP] Embed Pods Frameworks";
			outputFileListPaths = (
				"${PODS_ROOT}/Target Support Files/Pods-My Chat-My ChatUITests/Pods-My Chat-My ChatUITests-frameworks-${CONFIGURATION}-output-files.xcfilelist",
			);
			runOnlyForDeploymentPostprocessing = 0;
			shellPath = /bin/sh;
			shellScript = "\"${PODS_ROOT}/Target Support Files/Pods-My Chat-My ChatUITests/Pods-My Chat-My ChatUITests-frameworks.sh\"\n";
			showEnvVarsInLog = 0;
		};
		7F2616D24B162FECB2569EB9 /* [CP] Check Pods Manifest.lock */ = {
			isa = PBXShellScriptBuildPhase;
			buildActionMask = 2147483647;
			files = (
			);
			inputFileListPaths = (
			);
			inputPaths = (
				"${PODS_PODFILE_DIR_PATH}/Podfile.lock",
				"${PODS_ROOT}/Manifest.lock",
			);
			name = "[CP] Check Pods Manifest.lock";
			outputFileListPaths = (
			);
			outputPaths = (
				"$(DERIVED_FILE_DIR)/Pods-My Chat-My ChatUITests-checkManifestLockResult.txt",
			);
			runOnlyForDeploymentPostprocessing = 0;
			shellPath = /bin/sh;
			shellScript = "diff \"${PODS_PODFILE_DIR_PATH}/Podfile.lock\" \"${PODS_ROOT}/Manifest.lock\" > /dev/null\nif [ $? != 0 ] ; then\n    # print error to STDERR\n    echo \"error: The sandbox is not in sync with the Podfile.lock. Run 'pod install' or update your CocoaPods installation.\" >&2\n    exit 1\nfi\n# This output is used by Xcode 'outputs' to avoid re-running this script phase.\necho \"SUCCESS\" > \"${SCRIPT_OUTPUT_FILE_0}\"\n";
			showEnvVarsInLog = 0;
		};
		9C074594D503D55CB123919E /* [CP] Check Pods Manifest.lock */ = {
			isa = PBXShellScriptBuildPhase;
			buildActionMask = 2147483647;
			files = (
			);
			inputFileListPaths = (
			);
			inputPaths = (
				"${PODS_PODFILE_DIR_PATH}/Podfile.lock",
				"${PODS_ROOT}/Manifest.lock",
			);
			name = "[CP] Check Pods Manifest.lock";
			outputFileListPaths = (
			);
			outputPaths = (
				"$(DERIVED_FILE_DIR)/Pods-My ChatTests-checkManifestLockResult.txt",
			);
			runOnlyForDeploymentPostprocessing = 0;
			shellPath = /bin/sh;
			shellScript = "diff \"${PODS_PODFILE_DIR_PATH}/Podfile.lock\" \"${PODS_ROOT}/Manifest.lock\" > /dev/null\nif [ $? != 0 ] ; then\n    # print error to STDERR\n    echo \"error: The sandbox is not in sync with the Podfile.lock. Run 'pod install' or update your CocoaPods installation.\" >&2\n    exit 1\nfi\n# This output is used by Xcode 'outputs' to avoid re-running this script phase.\necho \"SUCCESS\" > \"${SCRIPT_OUTPUT_FILE_0}\"\n";
			showEnvVarsInLog = 0;
		};
		B81D351F95C2ADD8E0FC6128 /* [CP] Embed Pods Frameworks */ = {
			isa = PBXShellScriptBuildPhase;
			buildActionMask = 2147483647;
			files = (
			);
			inputFileListPaths = (
				"${PODS_ROOT}/Target Support Files/Pods-My Chat/Pods-My Chat-frameworks-${CONFIGURATION}-input-files.xcfilelist",
			);
			name = "[CP] Embed Pods Frameworks";
			outputFileListPaths = (
				"${PODS_ROOT}/Target Support Files/Pods-My Chat/Pods-My Chat-frameworks-${CONFIGURATION}-output-files.xcfilelist",
			);
			runOnlyForDeploymentPostprocessing = 0;
			shellPath = /bin/sh;
			shellScript = "\"${PODS_ROOT}/Target Support Files/Pods-My Chat/Pods-My Chat-frameworks.sh\"\n";
			showEnvVarsInLog = 0;
		};
/* End PBXShellScriptBuildPhase section */

/* Begin PBXSourcesBuildPhase section */
		0496E9E42380FEF800E05FC5 /* Sources */ = {
			isa = PBXSourcesBuildPhase;
			buildActionMask = 2147483647;
			files = (
				0461733B23CDFC02005E2C60 /* BaseCell.swift in Sources */,
				044DA10D23C46F720020E1B0 /* Chat.swift in Sources */,
				04509BAB238127D600AFB91E /* ProfileViewController.swift in Sources */,
				048458B523CD78DE00530144 /* LoadingHelper.swift in Sources */,
				0496E9EC2380FEF800E05FC5 /* AppDelegate.swift in Sources */,
				0486B31F2380FF97003D9979 /* HeaderLabel.swift in Sources */,
				04E7F31923CD65E70054FC47 /* StringHelper.swift in Sources */,
				04509BAF2381285200AFB91E /* FriendViewController.swift in Sources */,
				044DA10423C43DD90020E1B0 /* PhotoHelper.swift in Sources */,
				04509BB623812C4700AFB91E /* LogInViewController.swift in Sources */,
				0496E9EE2380FEF800E05FC5 /* SceneDelegate.swift in Sources */,
				04E7F31723CD638A0054FC47 /* User.swift in Sources */,
				0486B3242381022C003D9979 /* TabBarController.swift in Sources */,
				04947DC223CC480D00732EAD /* ProfileBusiness.swift in Sources */,
				044DA11323C474920020E1B0 /* ChatBoxViewController.swift in Sources */,
				044DA10B23C463600020E1B0 /* ChatTableRow.swift in Sources */,
				0486B3212380FF97003D9979 /* HomeViewController.swift in Sources */,
				0461733D23CE0199005E2C60 /* Message.swift in Sources */,
				044DA11023C473290020E1B0 /* LayoutHelper.swift in Sources */,
				04BDB4D623CDAECB004F259B /* ChatBusiness.swift in Sources */,
			);
			runOnlyForDeploymentPostprocessing = 0;
		};
		0496E9FA2380FEF800E05FC5 /* Sources */ = {
			isa = PBXSourcesBuildPhase;
			buildActionMask = 2147483647;
			files = (
				0486B32723811CD7003D9979 /* AppDelegate.swift in Sources */,
				0496EA032380FEF800E05FC5 /* My_ChatTests.swift in Sources */,
				0486B32523811CD2003D9979 /* HomeViewController.swift in Sources */,
				0486B32923811CDC003D9979 /* SceneDelegate.swift in Sources */,
			);
			runOnlyForDeploymentPostprocessing = 0;
		};
		0496EA052380FEF900E05FC5 /* Sources */ = {
			isa = PBXSourcesBuildPhase;
			buildActionMask = 2147483647;
			files = (
				0486B32823811CD7003D9979 /* AppDelegate.swift in Sources */,
				0496EA0E2380FEF900E05FC5 /* My_ChatUITests.swift in Sources */,
				0486B32623811CD3003D9979 /* HomeViewController.swift in Sources */,
				0486B32A23811CDC003D9979 /* SceneDelegate.swift in Sources */,
			);
			runOnlyForDeploymentPostprocessing = 0;
		};
/* End PBXSourcesBuildPhase section */

/* Begin PBXTargetDependency section */
		0496EA002380FEF800E05FC5 /* PBXTargetDependency */ = {
			isa = PBXTargetDependency;
			target = 0496E9E72380FEF800E05FC5 /* My Chat */;
			targetProxy = 0496E9FF2380FEF800E05FC5 /* PBXContainerItemProxy */;
		};
		0496EA0B2380FEF900E05FC5 /* PBXTargetDependency */ = {
			isa = PBXTargetDependency;
			target = 0496E9E72380FEF800E05FC5 /* My Chat */;
			targetProxy = 0496EA0A2380FEF900E05FC5 /* PBXContainerItemProxy */;
		};
/* End PBXTargetDependency section */

/* Begin PBXVariantGroup section */
		0496E9F62380FEF800E05FC5 /* LaunchScreen.storyboard */ = {
			isa = PBXVariantGroup;
			children = (
				0496E9F72380FEF800E05FC5 /* Base */,
			);
			name = LaunchScreen.storyboard;
			sourceTree = "<group>";
		};
/* End PBXVariantGroup section */

/* Begin XCBuildConfiguration section */
		0496EA102380FEF900E05FC5 /* Debug */ = {
			isa = XCBuildConfiguration;
			buildSettings = {
				ALWAYS_SEARCH_USER_PATHS = NO;
				CLANG_ANALYZER_NONNULL = YES;
				CLANG_ANALYZER_NUMBER_OBJECT_CONVERSION = YES_AGGRESSIVE;
				CLANG_CXX_LANGUAGE_STANDARD = "gnu++14";
				CLANG_CXX_LIBRARY = "libc++";
				CLANG_ENABLE_MODULES = YES;
				CLANG_ENABLE_OBJC_ARC = YES;
				CLANG_ENABLE_OBJC_WEAK = YES;
				CLANG_WARN_BLOCK_CAPTURE_AUTORELEASING = YES;
				CLANG_WARN_BOOL_CONVERSION = YES;
				CLANG_WARN_COMMA = YES;
				CLANG_WARN_CONSTANT_CONVERSION = YES;
				CLANG_WARN_DEPRECATED_OBJC_IMPLEMENTATIONS = YES;
				CLANG_WARN_DIRECT_OBJC_ISA_USAGE = YES_ERROR;
				CLANG_WARN_DOCUMENTATION_COMMENTS = YES;
				CLANG_WARN_EMPTY_BODY = YES;
				CLANG_WARN_ENUM_CONVERSION = YES;
				CLANG_WARN_INFINITE_RECURSION = YES;
				CLANG_WARN_INT_CONVERSION = YES;
				CLANG_WARN_NON_LITERAL_NULL_CONVERSION = YES;
				CLANG_WARN_OBJC_IMPLICIT_RETAIN_SELF = YES;
				CLANG_WARN_OBJC_LITERAL_CONVERSION = YES;
				CLANG_WARN_OBJC_ROOT_CLASS = YES_ERROR;
				CLANG_WARN_RANGE_LOOP_ANALYSIS = YES;
				CLANG_WARN_STRICT_PROTOTYPES = YES;
				CLANG_WARN_SUSPICIOUS_MOVE = YES;
				CLANG_WARN_UNGUARDED_AVAILABILITY = YES_AGGRESSIVE;
				CLANG_WARN_UNREACHABLE_CODE = YES;
				CLANG_WARN__DUPLICATE_METHOD_MATCH = YES;
				COPY_PHASE_STRIP = NO;
				DEBUG_INFORMATION_FORMAT = dwarf;
				ENABLE_STRICT_OBJC_MSGSEND = YES;
				ENABLE_TESTABILITY = YES;
				GCC_C_LANGUAGE_STANDARD = gnu11;
				GCC_DYNAMIC_NO_PIC = NO;
				GCC_NO_COMMON_BLOCKS = YES;
				GCC_OPTIMIZATION_LEVEL = 0;
				GCC_PREPROCESSOR_DEFINITIONS = (
					"DEBUG=1",
					"$(inherited)",
				);
				GCC_WARN_64_TO_32_BIT_CONVERSION = YES;
				GCC_WARN_ABOUT_RETURN_TYPE = YES_ERROR;
				GCC_WARN_UNDECLARED_SELECTOR = YES;
				GCC_WARN_UNINITIALIZED_AUTOS = YES_AGGRESSIVE;
				GCC_WARN_UNUSED_FUNCTION = YES;
				GCC_WARN_UNUSED_VARIABLE = YES;
				IPHONEOS_DEPLOYMENT_TARGET = 13.1;
				MTL_ENABLE_DEBUG_INFO = INCLUDE_SOURCE;
				MTL_FAST_MATH = YES;
				ONLY_ACTIVE_ARCH = YES;
				SDKROOT = iphoneos;
				SWIFT_ACTIVE_COMPILATION_CONDITIONS = DEBUG;
				SWIFT_OPTIMIZATION_LEVEL = "-Onone";
			};
			name = Debug;
		};
		0496EA112380FEF900E05FC5 /* Release */ = {
			isa = XCBuildConfiguration;
			buildSettings = {
				ALWAYS_SEARCH_USER_PATHS = NO;
				CLANG_ANALYZER_NONNULL = YES;
				CLANG_ANALYZER_NUMBER_OBJECT_CONVERSION = YES_AGGRESSIVE;
				CLANG_CXX_LANGUAGE_STANDARD = "gnu++14";
				CLANG_CXX_LIBRARY = "libc++";
				CLANG_ENABLE_MODULES = YES;
				CLANG_ENABLE_OBJC_ARC = YES;
				CLANG_ENABLE_OBJC_WEAK = YES;
				CLANG_WARN_BLOCK_CAPTURE_AUTORELEASING = YES;
				CLANG_WARN_BOOL_CONVERSION = YES;
				CLANG_WARN_COMMA = YES;
				CLANG_WARN_CONSTANT_CONVERSION = YES;
				CLANG_WARN_DEPRECATED_OBJC_IMPLEMENTATIONS = YES;
				CLANG_WARN_DIRECT_OBJC_ISA_USAGE = YES_ERROR;
				CLANG_WARN_DOCUMENTATION_COMMENTS = YES;
				CLANG_WARN_EMPTY_BODY = YES;
				CLANG_WARN_ENUM_CONVERSION = YES;
				CLANG_WARN_INFINITE_RECURSION = YES;
				CLANG_WARN_INT_CONVERSION = YES;
				CLANG_WARN_NON_LITERAL_NULL_CONVERSION = YES;
				CLANG_WARN_OBJC_IMPLICIT_RETAIN_SELF = YES;
				CLANG_WARN_OBJC_LITERAL_CONVERSION = YES;
				CLANG_WARN_OBJC_ROOT_CLASS = YES_ERROR;
				CLANG_WARN_RANGE_LOOP_ANALYSIS = YES;
				CLANG_WARN_STRICT_PROTOTYPES = YES;
				CLANG_WARN_SUSPICIOUS_MOVE = YES;
				CLANG_WARN_UNGUARDED_AVAILABILITY = YES_AGGRESSIVE;
				CLANG_WARN_UNREACHABLE_CODE = YES;
				CLANG_WARN__DUPLICATE_METHOD_MATCH = YES;
				COPY_PHASE_STRIP = NO;
				DEBUG_INFORMATION_FORMAT = "dwarf-with-dsym";
				ENABLE_NS_ASSERTIONS = NO;
				ENABLE_STRICT_OBJC_MSGSEND = YES;
				GCC_C_LANGUAGE_STANDARD = gnu11;
				GCC_NO_COMMON_BLOCKS = YES;
				GCC_WARN_64_TO_32_BIT_CONVERSION = YES;
				GCC_WARN_ABOUT_RETURN_TYPE = YES_ERROR;
				GCC_WARN_UNDECLARED_SELECTOR = YES;
				GCC_WARN_UNINITIALIZED_AUTOS = YES_AGGRESSIVE;
				GCC_WARN_UNUSED_FUNCTION = YES;
				GCC_WARN_UNUSED_VARIABLE = YES;
				IPHONEOS_DEPLOYMENT_TARGET = 13.1;
				MTL_ENABLE_DEBUG_INFO = NO;
				MTL_FAST_MATH = YES;
				SDKROOT = iphoneos;
				SWIFT_COMPILATION_MODE = wholemodule;
				SWIFT_OPTIMIZATION_LEVEL = "-O";
				VALIDATE_PRODUCT = YES;
			};
			name = Release;
		};
		0496EA132380FEF900E05FC5 /* Debug */ = {
			isa = XCBuildConfiguration;
			baseConfigurationReference = 23C97CBB709BD57BCD97A072 /* Pods-My Chat.debug.xcconfig */;
			buildSettings = {
				ASSETCATALOG_COMPILER_APPICON_NAME = AppIcon;
				CODE_SIGN_STYLE = Automatic;
				DEVELOPMENT_TEAM = VC54UPHUD4;
				INFOPLIST_FILE = "My Chat/Info.plist";
				LD_RUNPATH_SEARCH_PATHS = (
					"$(inherited)",
					"@executable_path/Frameworks",
				);
				PRODUCT_BUNDLE_IDENTIFIER = "TRAN-DINH-TON-HIEU.My-Chat";
				PRODUCT_NAME = "$(TARGET_NAME)";
				SWIFT_VERSION = 5.0;
				TARGETED_DEVICE_FAMILY = "1,2";
			};
			name = Debug;
		};
		0496EA142380FEF900E05FC5 /* Release */ = {
			isa = XCBuildConfiguration;
			baseConfigurationReference = 879040802EA67CEF1D707CEE /* Pods-My Chat.release.xcconfig */;
			buildSettings = {
				ASSETCATALOG_COMPILER_APPICON_NAME = AppIcon;
				CODE_SIGN_STYLE = Automatic;
				DEVELOPMENT_TEAM = VC54UPHUD4;
				INFOPLIST_FILE = "My Chat/Info.plist";
				LD_RUNPATH_SEARCH_PATHS = (
					"$(inherited)",
					"@executable_path/Frameworks",
				);
				PRODUCT_BUNDLE_IDENTIFIER = "TRAN-DINH-TON-HIEU.My-Chat";
				PRODUCT_NAME = "$(TARGET_NAME)";
				SWIFT_VERSION = 5.0;
				TARGETED_DEVICE_FAMILY = "1,2";
			};
			name = Release;
		};
		0496EA162380FEF900E05FC5 /* Debug */ = {
			isa = XCBuildConfiguration;
			baseConfigurationReference = CBECD038B959E7EA8E085200 /* Pods-My ChatTests.debug.xcconfig */;
			buildSettings = {
				ALWAYS_EMBED_SWIFT_STANDARD_LIBRARIES = YES;
				BUNDLE_LOADER = "$(TEST_HOST)";
				CODE_SIGN_STYLE = Automatic;
				DEVELOPMENT_TEAM = VC54UPHUD4;
				INFOPLIST_FILE = "My ChatTests/Info.plist";
				IPHONEOS_DEPLOYMENT_TARGET = 13.1;
				LD_RUNPATH_SEARCH_PATHS = (
					"$(inherited)",
					"@executable_path/Frameworks",
					"@loader_path/Frameworks",
				);
				PRODUCT_BUNDLE_IDENTIFIER = "TRAN-DINH-TON-HIEU.My-ChatTests";
				PRODUCT_NAME = "$(TARGET_NAME)";
				SWIFT_VERSION = 5.0;
				TARGETED_DEVICE_FAMILY = "1,2";
				TEST_HOST = "$(BUILT_PRODUCTS_DIR)/My Chat.app/My Chat";
			};
			name = Debug;
		};
		0496EA172380FEF900E05FC5 /* Release */ = {
			isa = XCBuildConfiguration;
			baseConfigurationReference = CEAD277419DC5D92723C457C /* Pods-My ChatTests.release.xcconfig */;
			buildSettings = {
				ALWAYS_EMBED_SWIFT_STANDARD_LIBRARIES = YES;
				BUNDLE_LOADER = "$(TEST_HOST)";
				CODE_SIGN_STYLE = Automatic;
				DEVELOPMENT_TEAM = VC54UPHUD4;
				INFOPLIST_FILE = "My ChatTests/Info.plist";
				IPHONEOS_DEPLOYMENT_TARGET = 13.1;
				LD_RUNPATH_SEARCH_PATHS = (
					"$(inherited)",
					"@executable_path/Frameworks",
					"@loader_path/Frameworks",
				);
				PRODUCT_BUNDLE_IDENTIFIER = "TRAN-DINH-TON-HIEU.My-ChatTests";
				PRODUCT_NAME = "$(TARGET_NAME)";
				SWIFT_VERSION = 5.0;
				TARGETED_DEVICE_FAMILY = "1,2";
				TEST_HOST = "$(BUILT_PRODUCTS_DIR)/My Chat.app/My Chat";
			};
			name = Release;
		};
		0496EA192380FEF900E05FC5 /* Debug */ = {
			isa = XCBuildConfiguration;
			baseConfigurationReference = 27835C30FF9D59A70EA20CD3 /* Pods-My Chat-My ChatUITests.debug.xcconfig */;
			buildSettings = {
				ALWAYS_EMBED_SWIFT_STANDARD_LIBRARIES = YES;
				CODE_SIGN_STYLE = Automatic;
				DEVELOPMENT_TEAM = VC54UPHUD4;
				INFOPLIST_FILE = "My ChatUITests/Info.plist";
				LD_RUNPATH_SEARCH_PATHS = (
					"$(inherited)",
					"@executable_path/Frameworks",
					"@loader_path/Frameworks",
				);
				PRODUCT_BUNDLE_IDENTIFIER = "TRAN-DINH-TON-HIEU.My-ChatUITests";
				PRODUCT_NAME = "$(TARGET_NAME)";
				SWIFT_VERSION = 5.0;
				TARGETED_DEVICE_FAMILY = "1,2";
				TEST_TARGET_NAME = "My Chat";
			};
			name = Debug;
		};
		0496EA1A2380FEF900E05FC5 /* Release */ = {
			isa = XCBuildConfiguration;
			baseConfigurationReference = B2B78A2E3EFF2D5572DE9F4F /* Pods-My Chat-My ChatUITests.release.xcconfig */;
			buildSettings = {
				ALWAYS_EMBED_SWIFT_STANDARD_LIBRARIES = YES;
				CODE_SIGN_STYLE = Automatic;
				DEVELOPMENT_TEAM = VC54UPHUD4;
				INFOPLIST_FILE = "My ChatUITests/Info.plist";
				LD_RUNPATH_SEARCH_PATHS = (
					"$(inherited)",
					"@executable_path/Frameworks",
					"@loader_path/Frameworks",
				);
				PRODUCT_BUNDLE_IDENTIFIER = "TRAN-DINH-TON-HIEU.My-ChatUITests";
				PRODUCT_NAME = "$(TARGET_NAME)";
				SWIFT_VERSION = 5.0;
				TARGETED_DEVICE_FAMILY = "1,2";
				TEST_TARGET_NAME = "My Chat";
			};
			name = Release;
		};
/* End XCBuildConfiguration section */

/* Begin XCConfigurationList section */
		0496E9E32380FEF800E05FC5 /* Build configuration list for PBXProject "My Chat" */ = {
			isa = XCConfigurationList;
			buildConfigurations = (
				0496EA102380FEF900E05FC5 /* Debug */,
				0496EA112380FEF900E05FC5 /* Release */,
			);
			defaultConfigurationIsVisible = 0;
			defaultConfigurationName = Release;
		};
		0496EA122380FEF900E05FC5 /* Build configuration list for PBXNativeTarget "My Chat" */ = {
			isa = XCConfigurationList;
			buildConfigurations = (
				0496EA132380FEF900E05FC5 /* Debug */,
				0496EA142380FEF900E05FC5 /* Release */,
			);
			defaultConfigurationIsVisible = 0;
			defaultConfigurationName = Release;
		};
		0496EA152380FEF900E05FC5 /* Build configuration list for PBXNativeTarget "My ChatTests" */ = {
			isa = XCConfigurationList;
			buildConfigurations = (
				0496EA162380FEF900E05FC5 /* Debug */,
				0496EA172380FEF900E05FC5 /* Release */,
			);
			defaultConfigurationIsVisible = 0;
			defaultConfigurationName = Release;
		};
		0496EA182380FEF900E05FC5 /* Build configuration list for PBXNativeTarget "My ChatUITests" */ = {
			isa = XCConfigurationList;
			buildConfigurations = (
				0496EA192380FEF900E05FC5 /* Debug */,
				0496EA1A2380FEF900E05FC5 /* Release */,
			);
			defaultConfigurationIsVisible = 0;
			defaultConfigurationName = Release;
		};
/* End XCConfigurationList section */
	};
	rootObject = 0496E9E02380FEF800E05FC5 /* Project object */;
}
