PODS:
  - FacebookCore (0.9.0):
    - FBSDKCoreKit (~> 5.0)
  - FacebookLogin (0.9.0):
    - FacebookCore (~> 0.9.0)
    - FBSDKCoreKit (~> 5.0)
    - FBSDKLoginKit (~> 5.0)
  - FBSDKCoreKit (5.13.1):
    - FBSDKCoreKit/Basics (= 5.13.1)
    - FBSDKCoreKit/Core (= 5.13.1)
  - FBSDKCoreKit/Basics (5.13.1)
  - FBSDKCoreKit/Core (5.13.1):
    - FBSDKCoreKit/Basics
  - FBSDKLoginKit (5.13.1):
    - FBSDKLoginKit/Login (= 5.13.1)
  - FBSDKLoginKit/Login (5.13.1):
    - FBSDKCoreKit (~> 5.0)
  - Firebase/Analytics (6.13.0):
    - Firebase/Core
  - Firebase/Core (6.13.0):
    - Firebase/CoreOnly
    - FirebaseAnalytics (= 6.1.6)
  - Firebase/CoreOnly (6.13.0):
    - FirebaseCore (= 6.4.0)
  - Firebase/Database (6.13.0):
    - Firebase/CoreOnly
    - FirebaseDatabase (~> 6.1.2)
  - FirebaseAnalytics (6.1.6):
    - FirebaseCore (~> 6.4)
    - FirebaseInstanceID (~> 4.2)
    - GoogleAppMeasurement (= 6.1.6)
    - GoogleUtilities/AppDelegateSwizzler (~> 6.0)
    - GoogleUtilities/MethodSwizzler (~> 6.0)
    - GoogleUtilities/Network (~> 6.0)
    - "GoogleUtilities/NSData+zlib (~> 6.0)"
    - nanopb (= 0.3.9011)
  - FirebaseAuthInterop (1.0.0)
  - FirebaseCore (6.4.0):
    - FirebaseCoreDiagnostics (~> 1.0)
    - FirebaseCoreDiagnosticsInterop (~> 1.0)
    - GoogleUtilities/Environment (~> 6.2)
    - GoogleUtilities/Logger (~> 6.2)
  - FirebaseCoreDiagnostics (1.1.2):
    - FirebaseCoreDiagnosticsInterop (~> 1.0)
    - GoogleDataTransportCCTSupport (~> 1.0)
    - GoogleUtilities/Environment (~> 6.2)
    - GoogleUtilities/Logger (~> 6.2)
    - nanopb (~> 0.3.901)
  - FirebaseCoreDiagnosticsInterop (1.1.0)
  - FirebaseDatabase (6.1.3):
    - FirebaseAuthInterop (~> 1.0)
    - FirebaseCore (~> 6.0)
    - leveldb-library (~> 1.22)
  - FirebaseInstanceID (4.2.7):
    - FirebaseCore (~> 6.0)
    - GoogleUtilities/Environment (~> 6.0)
    - GoogleUtilities/UserDefaults (~> 6.0)
  - GoogleAppMeasurement (6.1.6):
    - GoogleUtilities/AppDelegateSwizzler (~> 6.0)
    - GoogleUtilities/MethodSwizzler (~> 6.0)
    - GoogleUtilities/Network (~> 6.0)
    - "GoogleUtilities/NSData+zlib (~> 6.0)"
    - nanopb (= 0.3.9011)
  - GoogleDataTransport (3.2.0)
  - GoogleDataTransportCCTSupport (1.2.2):
    - GoogleDataTransport (~> 3.2)
    - nanopb (~> 0.3.901)
  - GoogleUtilities/AppDelegateSwizzler (6.3.2):
    - GoogleUtilities/Environment
    - GoogleUtilities/Logger
    - GoogleUtilities/Network
  - GoogleUtilities/Environment (6.3.2)
  - GoogleUtilities/Logger (6.3.2):
    - GoogleUtilities/Environment
  - GoogleUtilities/MethodSwizzler (6.3.2):
    - GoogleUtilities/Logger
  - GoogleUtilities/Network (6.3.2):
    - GoogleUtilities/Logger
    - "GoogleUtilities/NSData+zlib"
    - GoogleUtilities/Reachability
  - "GoogleUtilities/NSData+zlib (6.3.2)"
  - GoogleUtilities/Reachability (6.3.2):
    - GoogleUtilities/Logger
  - GoogleUtilities/UserDefaults (6.3.2):
    - GoogleUtilities/Logger
  - leveldb-library (1.22)
  - MaterialComponents (81.1.0):
    - MaterialComponents/ActionSheet (= 81.1.0)
    - MaterialComponents/ActivityIndicator (= 81.1.0)
    - "MaterialComponents/ActivityIndicator+ColorThemer (= 81.1.0)"
    - MaterialComponents/AnimationTiming (= 81.1.0)
    - MaterialComponents/AppBar (= 81.1.0)
    - "MaterialComponents/AppBar+ColorThemer (= 81.1.0)"
    - "MaterialComponents/AppBar+TypographyThemer (= 81.1.0)"
    - MaterialComponents/BottomAppBar (= 81.1.0)
    - "MaterialComponents/BottomAppBar+ColorThemer (= 81.1.0)"
    - MaterialComponents/BottomNavigation (= 81.1.0)
    - "MaterialComponents/BottomNavigation+ColorThemer (= 81.1.0)"
    - "MaterialComponents/BottomNavigation+TypographyThemer (= 81.1.0)"
    - MaterialComponents/BottomSheet (= 81.1.0)
    - "MaterialComponents/BottomSheet+ShapeThemer (= 81.1.0)"
    - MaterialComponents/ButtonBar (= 81.1.0)
    - "MaterialComponents/ButtonBar+ColorThemer (= 81.1.0)"
    - "MaterialComponents/ButtonBar+TypographyThemer (= 81.1.0)"
    - MaterialComponents/Buttons (= 81.1.0)
    - "MaterialComponents/Buttons+ButtonThemer (= 81.1.0)"
    - "MaterialComponents/Buttons+ColorThemer (= 81.1.0)"
    - "MaterialComponents/Buttons+ShapeThemer (= 81.1.0)"
    - "MaterialComponents/Buttons+TitleColorAccessibilityMutator (= 81.1.0)"
    - "MaterialComponents/Buttons+TypographyThemer (= 81.1.0)"
    - MaterialComponents/Cards (= 81.1.0)
    - "MaterialComponents/Cards+CardThemer (= 81.1.0)"
    - "MaterialComponents/Cards+ColorThemer (= 81.1.0)"
    - "MaterialComponents/Cards+ShapeThemer (= 81.1.0)"
    - MaterialComponents/Chips (= 81.1.0)
    - "MaterialComponents/Chips+ChipThemer (= 81.1.0)"
    - "MaterialComponents/Chips+ColorThemer (= 81.1.0)"
    - "MaterialComponents/Chips+FontThemer (= 81.1.0)"
    - "MaterialComponents/Chips+ShapeThemer (= 81.1.0)"
    - "MaterialComponents/Chips+TypographyThemer (= 81.1.0)"
    - MaterialComponents/CollectionCells (= 81.1.0)
    - MaterialComponents/CollectionLayoutAttributes (= 81.1.0)
    - MaterialComponents/Collections (= 81.1.0)
    - MaterialComponents/Dialogs (= 81.1.0)
    - "MaterialComponents/Dialogs+ColorThemer (= 81.1.0)"
    - "MaterialComponents/Dialogs+DialogThemer (= 81.1.0)"
    - "MaterialComponents/Dialogs+TypographyThemer (= 81.1.0)"
    - MaterialComponents/FeatureHighlight (= 81.1.0)
    - "MaterialComponents/FeatureHighlight+ColorThemer (= 81.1.0)"
    - "MaterialComponents/FeatureHighlight+FeatureHighlightAccessibilityMutator (= 81.1.0)"
    - "MaterialComponents/FeatureHighlight+FontThemer (= 81.1.0)"
    - "MaterialComponents/FeatureHighlight+TypographyThemer (= 81.1.0)"
    - MaterialComponents/FlexibleHeader (= 81.1.0)
    - "MaterialComponents/FlexibleHeader+CanAlwaysExpandToMaximumHeight (= 81.1.0)"
    - "MaterialComponents/FlexibleHeader+ColorThemer (= 81.1.0)"
    - MaterialComponents/HeaderStackView (= 81.1.0)
    - "MaterialComponents/HeaderStackView+ColorThemer (= 81.1.0)"
    - MaterialComponents/Ink (= 81.1.0)
    - "MaterialComponents/Ink+ColorThemer (= 81.1.0)"
    - MaterialComponents/LibraryInfo (= 81.1.0)
    - MaterialComponents/List (= 81.1.0)
    - "MaterialComponents/List+ColorThemer (= 81.1.0)"
    - "MaterialComponents/List+ListThemer (= 81.1.0)"
    - "MaterialComponents/List+TypographyThemer (= 81.1.0)"
    - MaterialComponents/MaskedTransition (= 81.1.0)
    - MaterialComponents/NavigationBar (= 81.1.0)
    - "MaterialComponents/NavigationBar+ColorThemer (= 81.1.0)"
    - "MaterialComponents/NavigationBar+TypographyThemer (= 81.1.0)"
    - MaterialComponents/NavigationDrawer (= 81.1.0)
    - "MaterialComponents/NavigationDrawer+ColorThemer (= 81.1.0)"
    - MaterialComponents/OverlayWindow (= 81.1.0)
    - MaterialComponents/PageControl (= 81.1.0)
    - "MaterialComponents/PageControl+ColorThemer (= 81.1.0)"
    - MaterialComponents/Palettes (= 81.1.0)
    - MaterialComponents/private (= 81.1.0)
    - MaterialComponents/ProgressView (= 81.1.0)
    - "MaterialComponents/ProgressView+ColorThemer (= 81.1.0)"
    - MaterialComponents/Ripple (= 81.1.0)
    - MaterialComponents/schemes (= 81.1.0)
    - MaterialComponents/ShadowElevations (= 81.1.0)
    - MaterialComponents/ShadowLayer (= 81.1.0)
    - MaterialComponents/ShapeLibrary (= 81.1.0)
    - MaterialComponents/Shapes (= 81.1.0)
    - MaterialComponents/Slider (= 81.1.0)
    - "MaterialComponents/Slider+ColorThemer (= 81.1.0)"
    - MaterialComponents/Snackbar (= 81.1.0)
    - "MaterialComponents/Snackbar+ColorThemer (= 81.1.0)"
    - "MaterialComponents/Snackbar+FontThemer (= 81.1.0)"
    - "MaterialComponents/Snackbar+TypographyThemer (= 81.1.0)"
    - MaterialComponents/Tabs (= 81.1.0)
    - "MaterialComponents/Tabs+ColorThemer (= 81.1.0)"
    - "MaterialComponents/Tabs+FontThemer (= 81.1.0)"
    - "MaterialComponents/Tabs+TypographyThemer (= 81.1.0)"
    - MaterialComponents/TextFields (= 81.1.0)
    - "MaterialComponents/TextFields+ColorThemer (= 81.1.0)"
    - "MaterialComponents/TextFields+FontThemer (= 81.1.0)"
    - "MaterialComponents/TextFields+TypographyThemer (= 81.1.0)"
    - MaterialComponents/Themes (= 81.1.0)
    - MaterialComponents/Typography (= 81.1.0)
  - MaterialComponents/ActionSheet (81.1.0):
    - MaterialComponents/BottomSheet
    - MaterialComponents/Ink
    - MaterialComponents/Typography
  - MaterialComponents/ActivityIndicator (81.1.0):
    - MaterialComponents/Palettes
    - MaterialComponents/private/Application
    - MDFInternationalization
    - MotionAnimator (~> 2.0)
  - "MaterialComponents/ActivityIndicator+ColorThemer (81.1.0)":
    - MaterialComponents/ActivityIndicator
    - MaterialComponents/schemes/Color
  - MaterialComponents/AnimationTiming (81.1.0)
  - MaterialComponents/AppBar (81.1.0):
    - MaterialComponents/FlexibleHeader
    - MaterialComponents/HeaderStackView
    - MaterialComponents/NavigationBar
    - MaterialComponents/private/Application
    - MaterialComponents/private/Icons/ic_arrow_back
    - MaterialComponents/private/UIMetrics
    - MaterialComponents/ShadowElevations
    - MaterialComponents/ShadowLayer
    - MaterialComponents/Typography
    - MDFInternationalization
  - "MaterialComponents/AppBar+ColorThemer (81.1.0)":
    - MaterialComponents/AppBar
    - "MaterialComponents/FlexibleHeader+ColorThemer"
    - "MaterialComponents/NavigationBar+ColorThemer"
    - MaterialComponents/Themes
  - "MaterialComponents/AppBar+TypographyThemer (81.1.0)":
    - MaterialComponents/AppBar
    - "MaterialComponents/NavigationBar+TypographyThemer"
  - MaterialComponents/BottomAppBar (81.1.0):
    - MaterialComponents/Buttons
    - MaterialComponents/NavigationBar
    - MaterialComponents/private/Math
    - MDFInternationalization
  - "MaterialComponents/BottomAppBar+ColorThemer (81.1.0)":
    - MaterialComponents/BottomAppBar
    - MaterialComponents/Themes
  - MaterialComponents/BottomNavigation (81.1.0):
    - MaterialComponents/Ink
    - MaterialComponents/Palettes
    - MaterialComponents/private/Math
    - MaterialComponents/ShadowElevations
    - MaterialComponents/ShadowLayer
    - MaterialComponents/Typography
    - MDFInternationalization
  - "MaterialComponents/BottomNavigation+ColorThemer (81.1.0)":
    - MaterialComponents/BottomNavigation
    - MaterialComponents/schemes/Color
  - "MaterialComponents/BottomNavigation+TypographyThemer (81.1.0)":
    - MaterialComponents/BottomNavigation
    - MaterialComponents/schemes/Typography
  - MaterialComponents/BottomSheet (81.1.0):
    - MaterialComponents/private/KeyboardWatcher
    - MaterialComponents/private/Math
    - MaterialComponents/ShapeLibrary
    - MaterialComponents/Shapes
  - "MaterialComponents/BottomSheet+ShapeThemer (81.1.0)":
    - MaterialComponents/BottomSheet
    - MaterialComponents/schemes/Shape
  - MaterialComponents/ButtonBar (81.1.0):
    - MaterialComponents/Buttons
    - MaterialComponents/private/Application
    - MDFInternationalization
  - "MaterialComponents/ButtonBar+ColorThemer (81.1.0)":
    - MaterialComponents/ButtonBar
    - MaterialComponents/Themes
  - "MaterialComponents/ButtonBar+TypographyThemer (81.1.0)":
    - MaterialComponents/ButtonBar
    - MaterialComponents/schemes/Typography
  - MaterialComponents/Buttons (81.1.0):
    - MaterialComponents/Ink
    - MaterialComponents/private/Math
    - MaterialComponents/Ripple
    - MaterialComponents/ShadowElevations
    - MaterialComponents/ShadowLayer
    - MaterialComponents/Shapes
    - MaterialComponents/Typography
    - MDFInternationalization
    - MDFTextAccessibility
  - "MaterialComponents/Buttons+ButtonThemer (81.1.0)":
    - MaterialComponents/Buttons
    - "MaterialComponents/Buttons+ColorThemer"
    - "MaterialComponents/Buttons+ShapeThemer"
    - "MaterialComponents/Buttons+TypographyThemer"
    - MaterialComponents/Palettes
  - "MaterialComponents/Buttons+ColorThemer (81.1.0)":
    - MaterialComponents/Buttons
    - MaterialComponents/schemes/Color
  - "MaterialComponents/Buttons+ShapeThemer (81.1.0)":
    - MaterialComponents/Buttons
    - MaterialComponents/schemes/Shape
  - "MaterialComponents/Buttons+TitleColorAccessibilityMutator (81.1.0)":
    - MaterialComponents/Buttons
    - MDFTextAccessibility
  - "MaterialComponents/Buttons+TypographyThemer (81.1.0)":
    - MaterialComponents/Buttons
    - MaterialComponents/schemes/Typography
  - MaterialComponents/Cards (81.1.0):
    - MaterialComponents/Ink
    - MaterialComponents/private/Icons/ic_check_circle
    - MaterialComponents/private/Math
    - MaterialComponents/Ripple
    - MaterialComponents/ShadowLayer
    - MaterialComponents/Shapes
  - "MaterialComponents/Cards+CardThemer (81.1.0)":
    - MaterialComponents/Cards
    - "MaterialComponents/Cards+ColorThemer"
    - "MaterialComponents/Cards+ShapeThemer"
  - "MaterialComponents/Cards+ColorThemer (81.1.0)":
    - MaterialComponents/Cards
    - MaterialComponents/schemes/Color
  - "MaterialComponents/Cards+ShapeThemer (81.1.0)":
    - MaterialComponents/Cards
    - MaterialComponents/schemes/Shape
  - MaterialComponents/Chips (81.1.0):
    - MaterialComponents/Ink
    - MaterialComponents/private/Math
    - MaterialComponents/ShadowElevations
    - MaterialComponents/ShadowLayer
    - MaterialComponents/ShapeLibrary
    - MaterialComponents/Shapes
    - MaterialComponents/TextFields
    - MaterialComponents/Typography
    - MDFInternationalization
  - "MaterialComponents/Chips+ChipThemer (81.1.0)":
    - MaterialComponents/Chips
    - "MaterialComponents/Chips+ColorThemer"
    - "MaterialComponents/Chips+ShapeThemer"
    - "MaterialComponents/Chips+TypographyThemer"
  - "MaterialComponents/Chips+ColorThemer (81.1.0)":
    - MaterialComponents/Chips
    - MaterialComponents/schemes/Color
  - "MaterialComponents/Chips+FontThemer (81.1.0)":
    - MaterialComponents/Chips
    - MaterialComponents/Themes
  - "MaterialComponents/Chips+ShapeThemer (81.1.0)":
    - MaterialComponents/Chips
    - MaterialComponents/schemes/Shape
  - "MaterialComponents/Chips+TypographyThemer (81.1.0)":
    - MaterialComponents/Chips
    - MaterialComponents/schemes/Typography
  - MaterialComponents/CollectionCells (81.1.0):
    - MaterialComponents/CollectionLayoutAttributes
    - MaterialComponents/Ink
    - MaterialComponents/Palettes
    - MaterialComponents/private/Icons/ic_check
    - MaterialComponents/private/Icons/ic_check_circle
    - MaterialComponents/private/Icons/ic_chevron_right
    - MaterialComponents/private/Icons/ic_info
    - MaterialComponents/private/Icons/ic_radio_button_unchecked
    - MaterialComponents/private/Icons/ic_reorder
    - MaterialComponents/private/Math
    - MaterialComponents/Typography
    - MDFInternationalization
  - MaterialComponents/CollectionLayoutAttributes (81.1.0)
  - MaterialComponents/Collections (81.1.0):
    - MaterialComponents/CollectionCells
    - MaterialComponents/CollectionLayoutAttributes
    - MaterialComponents/Ink
    - MaterialComponents/Palettes
    - MaterialComponents/ShadowElevations
    - MaterialComponents/ShadowLayer
    - MaterialComponents/Typography
  - MaterialComponents/Dialogs (81.1.0):
    - MaterialComponents/Buttons
    - MaterialComponents/private/KeyboardWatcher
    - MaterialComponents/ShadowElevations
    - MaterialComponents/ShadowLayer
    - MaterialComponents/Typography
    - MDFInternationalization
  - "MaterialComponents/Dialogs+ColorThemer (81.1.0)":
    - "MaterialComponents/Buttons+ColorThemer"
    - MaterialComponents/Dialogs
    - MaterialComponents/Themes
  - "MaterialComponents/Dialogs+DialogThemer (81.1.0)":
    - "MaterialComponents/Buttons+ButtonThemer"
    - MaterialComponents/Dialogs
    - "MaterialComponents/Dialogs+ColorThemer"
    - "MaterialComponents/Dialogs+TypographyThemer"
  - "MaterialComponents/Dialogs+TypographyThemer (81.1.0)":
    - "MaterialComponents/Buttons+TypographyThemer"
    - MaterialComponents/Dialogs
    - MaterialComponents/schemes/Typography
  - MaterialComponents/FeatureHighlight (81.1.0):
    - MaterialComponents/private/Math
    - MaterialComponents/Typography
    - MDFTextAccessibility
  - "MaterialComponents/FeatureHighlight+ColorThemer (81.1.0)":
    - MaterialComponents/FeatureHighlight
    - MaterialComponents/Themes
  - "MaterialComponents/FeatureHighlight+FeatureHighlightAccessibilityMutator (81.1.0)":
    - MaterialComponents/FeatureHighlight
    - MDFTextAccessibility
  - "MaterialComponents/FeatureHighlight+FontThemer (81.1.0)":
    - MaterialComponents/FeatureHighlight
    - MaterialComponents/Themes
  - "MaterialComponents/FeatureHighlight+TypographyThemer (81.1.0)":
    - MaterialComponents/FeatureHighlight
    - MaterialComponents/schemes/Typography
  - MaterialComponents/FlexibleHeader (81.1.0):
    - MaterialComponents/private/Application
    - MaterialComponents/private/UIMetrics
    - MDFTextAccessibility
  - "MaterialComponents/FlexibleHeader+CanAlwaysExpandToMaximumHeight (81.1.0)":
    - MaterialComponents/FlexibleHeader
  - "MaterialComponents/FlexibleHeader+ColorThemer (81.1.0)":
    - MaterialComponents/FlexibleHeader
    - MaterialComponents/schemes/Color
  - MaterialComponents/HeaderStackView (81.1.0)
  - "MaterialComponents/HeaderStackView+ColorThemer (81.1.0)":
    - MaterialComponents/HeaderStackView
    - MaterialComponents/Themes
  - MaterialComponents/Ink (81.1.0):
    - MaterialComponents/private/Math
  - "MaterialComponents/Ink+ColorThemer (81.1.0)":
    - MaterialComponents/Ink
    - MaterialComponents/Themes
  - MaterialComponents/LibraryInfo (81.1.0)
  - MaterialComponents/List (81.1.0):
    - MaterialComponents/Ink
    - MaterialComponents/private/Math
    - MaterialComponents/ShadowElevations
    - MaterialComponents/ShadowLayer
    - MaterialComponents/Typography
    - MDFInternationalization
  - "MaterialComponents/List+ColorThemer (81.1.0)":
    - MaterialComponents/List
    - MaterialComponents/schemes/Color
  - "MaterialComponents/List+ListThemer (81.1.0)":
    - MaterialComponents/List
    - "MaterialComponents/List+ColorThemer"
    - "MaterialComponents/List+TypographyThemer"
  - "MaterialComponents/List+TypographyThemer (81.1.0)":
    - MaterialComponents/List
    - MaterialComponents/schemes/Typography
  - MaterialComponents/MaskedTransition (81.1.0):
    - MotionAnimator (~> 2.0)
    - MotionInterchange (~> 1.0)
    - MotionTransitioning (~> 5.0)
  - MaterialComponents/NavigationBar (81.1.0):
    - MaterialComponents/ButtonBar
    - MaterialComponents/private/Math
    - MaterialComponents/Typography
    - MDFInternationalization
    - MDFTextAccessibility
  - "MaterialComponents/NavigationBar+ColorThemer (81.1.0)":
    - MaterialComponents/NavigationBar
    - MaterialComponents/schemes/Color
  - "MaterialComponents/NavigationBar+TypographyThemer (81.1.0)":
    - MaterialComponents/NavigationBar
    - MaterialComponents/schemes/Typography
  - MaterialComponents/NavigationDrawer (81.1.0):
    - MaterialComponents/Palettes
    - MaterialComponents/private/Math
    - MaterialComponents/private/UIMetrics
    - MaterialComponents/ShadowLayer
  - "MaterialComponents/NavigationDrawer+ColorThemer (81.1.0)":
    - MaterialComponents/NavigationDrawer
    - MaterialComponents/schemes/Color
  - MaterialComponents/OverlayWindow (81.1.0):
    - MaterialComponents/private/Application
  - MaterialComponents/PageControl (81.1.0):
    - MDFInternationalization
  - "MaterialComponents/PageControl+ColorThemer (81.1.0)":
    - MaterialComponents/PageControl
    - MaterialComponents/Themes
  - MaterialComponents/Palettes (81.1.0)
  - MaterialComponents/private (81.1.0):
    - MaterialComponents/private/Application (= 81.1.0)
    - MaterialComponents/private/Icons (= 81.1.0)
    - MaterialComponents/private/KeyboardWatcher (= 81.1.0)
    - MaterialComponents/private/Math (= 81.1.0)
    - MaterialComponents/private/Overlay (= 81.1.0)
    - MaterialComponents/private/ThumbTrack (= 81.1.0)
    - MaterialComponents/private/UIMetrics (= 81.1.0)
  - MaterialComponents/private/Application (81.1.0)
  - MaterialComponents/private/Icons (81.1.0):
    - MaterialComponents/private/Icons/Base (= 81.1.0)
    - MaterialComponents/private/Icons/ic_arrow_back (= 81.1.0)
    - MaterialComponents/private/Icons/ic_check (= 81.1.0)
    - MaterialComponents/private/Icons/ic_check_circle (= 81.1.0)
    - MaterialComponents/private/Icons/ic_chevron_right (= 81.1.0)
    - MaterialComponents/private/Icons/ic_color_lens (= 81.1.0)
    - MaterialComponents/private/Icons/ic_help_outline (= 81.1.0)
    - MaterialComponents/private/Icons/ic_info (= 81.1.0)
    - MaterialComponents/private/Icons/ic_more_horiz (= 81.1.0)
    - MaterialComponents/private/Icons/ic_radio_button_unchecked (= 81.1.0)
    - MaterialComponents/private/Icons/ic_reorder (= 81.1.0)
    - MaterialComponents/private/Icons/ic_settings (= 81.1.0)
  - MaterialComponents/private/Icons/Base (81.1.0)
  - MaterialComponents/private/Icons/ic_arrow_back (81.1.0):
    - MaterialComponents/private/Icons/Base
  - MaterialComponents/private/Icons/ic_check (81.1.0):
    - MaterialComponents/private/Icons/Base
  - MaterialComponents/private/Icons/ic_check_circle (81.1.0):
    - MaterialComponents/private/Icons/Base
  - MaterialComponents/private/Icons/ic_chevron_right (81.1.0):
    - MaterialComponents/private/Icons/Base
  - MaterialComponents/private/Icons/ic_color_lens (81.1.0):
    - MaterialComponents/private/Icons/Base
  - MaterialComponents/private/Icons/ic_help_outline (81.1.0):
    - MaterialComponents/private/Icons/Base
  - MaterialComponents/private/Icons/ic_info (81.1.0):
    - MaterialComponents/private/Icons/Base
  - MaterialComponents/private/Icons/ic_more_horiz (81.1.0):
    - MaterialComponents/private/Icons/Base
  - MaterialComponents/private/Icons/ic_radio_button_unchecked (81.1.0):
    - MaterialComponents/private/Icons/Base
  - MaterialComponents/private/Icons/ic_reorder (81.1.0):
    - MaterialComponents/private/Icons/Base
  - MaterialComponents/private/Icons/ic_settings (81.1.0):
    - MaterialComponents/private/Icons/Base
  - MaterialComponents/private/KeyboardWatcher (81.1.0):
    - MaterialComponents/private/Application
  - MaterialComponents/private/Math (81.1.0)
  - MaterialComponents/private/Overlay (81.1.0)
  - MaterialComponents/private/ThumbTrack (81.1.0):
    - MaterialComponents/Ink
    - MaterialComponents/private/Math
    - MaterialComponents/ShadowElevations
    - MaterialComponents/ShadowLayer
    - MaterialComponents/Typography
    - MDFInternationalization
  - MaterialComponents/private/UIMetrics (81.1.0):
    - MaterialComponents/private/Application
  - MaterialComponents/ProgressView (81.1.0):
    - MaterialComponents/Palettes
    - MaterialComponents/private/Math
    - MDFInternationalization
    - MotionAnimator (~> 2.1)
  - "MaterialComponents/ProgressView+ColorThemer (81.1.0)":
    - MaterialComponents/ProgressView
    - MaterialComponents/Themes
  - MaterialComponents/Ripple (81.1.0):
    - MaterialComponents/AnimationTiming
    - MaterialComponents/private/Math
  - MaterialComponents/schemes (81.1.0):
    - MaterialComponents/schemes/Color (= 81.1.0)
    - MaterialComponents/schemes/Shape (= 81.1.0)
    - MaterialComponents/schemes/Typography (= 81.1.0)
  - MaterialComponents/schemes/Color (81.1.0)
  - MaterialComponents/schemes/Shape (81.1.0):
    - MaterialComponents/ShapeLibrary
    - MaterialComponents/Shapes
  - MaterialComponents/schemes/Typography (81.1.0):
    - MaterialComponents/Typography
  - MaterialComponents/ShadowElevations (81.1.0)
  - MaterialComponents/ShadowLayer (81.1.0):
    - MaterialComponents/ShadowElevations
  - MaterialComponents/ShapeLibrary (81.1.0):
    - MaterialComponents/private/Math
    - MaterialComponents/Shapes
  - MaterialComponents/Shapes (81.1.0):
    - MaterialComponents/private/Math
    - MaterialComponents/ShadowLayer
  - MaterialComponents/Slider (81.1.0):
    - MaterialComponents/Palettes
    - MaterialComponents/private/ThumbTrack
    - MaterialComponents/ShadowElevations
  - "MaterialComponents/Slider+ColorThemer (81.1.0)":
    - MaterialComponents/Palettes
    - MaterialComponents/schemes/Color
    - MaterialComponents/Slider
  - MaterialComponents/Snackbar (81.1.0):
    - MaterialComponents/AnimationTiming
    - MaterialComponents/Buttons
    - MaterialComponents/OverlayWindow
    - MaterialComponents/private/Application
    - MaterialComponents/private/KeyboardWatcher
    - MaterialComponents/private/Overlay
    - MaterialComponents/Typography
  - "MaterialComponents/Snackbar+ColorThemer (81.1.0)":
    - MaterialComponents/schemes/Color
    - MaterialComponents/Snackbar
  - "MaterialComponents/Snackbar+FontThemer (81.1.0)":
    - MaterialComponents/Snackbar
    - MaterialComponents/Themes
  - "MaterialComponents/Snackbar+TypographyThemer (81.1.0)":
    - MaterialComponents/schemes/Typography
    - MaterialComponents/Snackbar
  - MaterialComponents/Tabs (81.1.0):
    - MaterialComponents/AnimationTiming
    - MaterialComponents/Ink
    - MaterialComponents/Palettes
    - MaterialComponents/private/Math
    - MaterialComponents/ShadowElevations
    - MaterialComponents/ShadowLayer
    - MaterialComponents/Typography
    - MDFInternationalization
  - "MaterialComponents/Tabs+ColorThemer (81.1.0)":
    - MaterialComponents/schemes/Color
    - MaterialComponents/Tabs
  - "MaterialComponents/Tabs+FontThemer (81.1.0)":
    - MaterialComponents/Tabs
    - MaterialComponents/Themes
  - "MaterialComponents/Tabs+TypographyThemer (81.1.0)":
    - MaterialComponents/schemes/Typography
    - MaterialComponents/Tabs
  - MaterialComponents/TextFields (81.1.0):
    - MaterialComponents/AnimationTiming
    - MaterialComponents/Palettes
    - MaterialComponents/private/Math
    - MaterialComponents/Typography
    - MDFInternationalization
  - "MaterialComponents/TextFields+ColorThemer (81.1.0)":
    - MaterialComponents/TextFields
    - MaterialComponents/Themes
  - "MaterialComponents/TextFields+FontThemer (81.1.0)":
    - MaterialComponents/TextFields
    - MaterialComponents/Themes
  - "MaterialComponents/TextFields+TypographyThemer (81.1.0)":
    - MaterialComponents/schemes/Typography
    - MaterialComponents/TextFields
  - MaterialComponents/Themes (81.1.0):
    - MaterialComponents/schemes/Color
    - MaterialComponents/schemes/Typography
  - MaterialComponents/Typography (81.1.0):
    - MaterialComponents/private/Application
    - MaterialComponents/private/Math
  - MDFInternationalization (2.0.0)
  - MDFTextAccessibility (2.0.0)
  - MotionAnimator (2.8.1):
    - MotionInterchange (~> 1.6)
  - MotionInterchange (1.6.0)
  - MotionTransitioning (5.0.0)
  - nanopb (0.3.9011):
    - nanopb/decode (= 0.3.9011)
    - nanopb/encode (= 0.3.9011)
  - nanopb/decode (0.3.9011)
  - nanopb/encode (0.3.9011)
  - NVActivityIndicatorView (4.8.0):
    - NVActivityIndicatorView/Presenter (= 4.8.0)
  - NVActivityIndicatorView/Presenter (4.8.0)

DEPENDENCIES:
  - FacebookCore
  - FacebookLogin
  - Firebase/Analytics
  - Firebase/Database
  - MaterialComponents (~> 81.1.0)
  - NVActivityIndicatorView

SPEC REPOS:
  trunk:
    - FacebookCore
    - FacebookLogin
    - FBSDKCoreKit
    - FBSDKLoginKit
    - Firebase
    - FirebaseAnalytics
    - FirebaseAuthInterop
    - FirebaseCore
    - FirebaseCoreDiagnostics
    - FirebaseCoreDiagnosticsInterop
    - FirebaseDatabase
    - FirebaseInstanceID
    - GoogleAppMeasurement
    - GoogleDataTransport
    - GoogleDataTransportCCTSupport
    - GoogleUtilities
    - leveldb-library
    - MaterialComponents
    - MDFInternationalization
    - MDFTextAccessibility
    - MotionAnimator
    - MotionInterchange
    - MotionTransitioning
    - nanopb
    - NVActivityIndicatorView

SPEC CHECKSUMS:
  FacebookCore: ba86524b66cfa86d0f8e65d08faa8504a9f732dd
  FacebookLogin: 6cee9fd6e1fe976fe8f7eec199e27b28b14f5d63
  FBSDKCoreKit: 8fb98209109fb684937f05d534305edb18c20207
  FBSDKLoginKit: c7c6ffd9ca9ea45aee32361840af040ad8f6706a
  Firebase: 458d109512200d1aca2e1b9b6cf7d68a869a4a46
  FirebaseAnalytics: 45f36d9c429fc91d206283900ab75390cd05ee8a
  FirebaseAuthInterop: 0ffa57668be100582bb7643d4fcb7615496c41fc
  FirebaseCore: 307ea2508df730c5865334e41965bd9ea344b0e5
  FirebaseCoreDiagnostics: 511f4f3ed7d440bb69127e8b97c2bc8befae639e
  FirebaseCoreDiagnosticsInterop: e9b1b023157e3a2fc6418b5cb601e79b9af7b3a0
  FirebaseDatabase: 9db0c9bb6d3308870cc831a8a6d70c82fd169f37
  FirebaseInstanceID: ebd2ea79ee38db0cb5f5167b17a0d387e1cc7b6e
  GoogleAppMeasurement: dfe55efa543e899d906309eaaac6ca26d249862f
  GoogleDataTransport: 8e9b210c97d55fbff306cc5468ff91b9cb32dcf5
  GoogleDataTransportCCTSupport: ef79a4728b864946a8aafdbab770d5294faf3b5f
  GoogleUtilities: 547a86735c6f0ee30ad17e94df4fc21f616b71cb
  leveldb-library: 55d93ee664b4007aac644a782d11da33fba316f7
  MaterialComponents: c2045515505992357e210b33cb3ffc3a404a14fd
  MDFInternationalization: 010097556d6b09d2c4ea38e0820ea6d37be6a314
  MDFTextAccessibility: 85c09a1bd9c321f494348e632a25063bcda35a53
  MotionAnimator: ee16aa30567c5bae0fb2750c132915829cfaaf8a
  MotionInterchange: ead0e3ae1f3a5fb539e289debbc7ae036160a10d
  MotionTransitioning: 23d25edc2f4606efb922403cbac6d81af37aa33a
  nanopb: 18003b5e52dab79db540fe93fe9579f399bd1ccd
  NVActivityIndicatorView: d24b7ebcf80af5dcd994adb650e2b6c93379270f

PODFILE CHECKSUM: 204f6e3e37d6f3ea7884eb2cff65f6ccf01ec85a

COCOAPODS: 1.8.3
